
Microsoft Visual Studio Solution File, Format Version 12.00
# Visual Studio Version 16
VisualStudioVersion = 16.0.30011.22
MinimumVisualStudioVersion = 10.0.40219.1
Project("{9A19103F-16F7-4668-BE54-9A1E7A4F7556}") = "ShoppingCartProj", "ShoppingCartProj\ShoppingCartProj.csproj", "{EDE147D3-FCD5-4512-8A27-9EDDA5DE8B90}"
EndProject
Global
	GlobalSection(SolutionConfigurationPlatforms) = preSolution
		Debug|Any CPU = Debug|Any CPU
		Release|Any CPU = Release|Any CPU
	EndGlobalSection
	GlobalSection(ProjectConfigurationPlatforms) = postSolution
		{EDE147D3-FCD5-4512-8A27-9EDDA5DE8B90}.Debug|Any CPU.ActiveCfg = Debug|Any CPU
		{EDE147D3-FCD5-4512-8A27-9EDDA5DE8B90}.Debug|Any CPU.Build.0 = Debug|Any CPU
		{EDE147D3-FCD5-4512-8A27-9EDDA5DE8B90}.Release|Any CPU.ActiveCfg = Release|Any CPU
		{EDE147D3-FCD5-4512-8A27-9EDDA5DE8B90}.Release|Any CPU.Build.0 = Release|Any CPU
	EndGlobalSection
	GlobalSection(SolutionProperties) = preSolution
		HideSolutionNode = FALSE
	EndGlobalSection
	GlobalSection(ExtensibilityGlobals) = postSolution
		SolutionGuid = {1913ED63-FC00-41FF-9E6A-95ED6E0FF4D2}
	EndGlobalSection
EndGlobal
